{
  "name": "@lifterlms/quill-wordcount-module",
  "version": "2.0.0",
  "lockfileVersion": 2,
  "requires": true,
  "packages": {
    "": {
      "name": "@lifterlms/quill-wordcount-module",
      "version": "0.0.0",
      "license": "GPL-3.0-or-later",
      "dependencies": {
        "words-count": "^2.0.2"
      }
    },
    "node_modules/words-count": {
      "version": "2.0.2",
      "resolved": "https://registry.npmjs.org/words-count/-/words-count-2.0.2.tgz",
      "integrity": "sha512-u0LFfJPhnR0xXu/5WoqWIkgdGJst5GahS4lYy4G5TIX4JAQgeNKD33HpmMoxveVBWNS6W6YZV2OQjVIVLL4K7Q=="
    }
  },
  "dependencies": {
    "words-count": {
      "version": "2.0.2",
      "resolved": "https://registry.npmjs.org/words-count/-/words-count-2.0.2.tgz",
      "integrity": "sha512-u0LFfJPhnR0xXu/5WoqWIkgdGJst5GahS4lYy4G5TIX4JAQgeNKD33HpmMoxveVBWNS6W6YZV2OQjVIVLL4K7Q=="
    }
  }
}
